
Microsoft Visual Studio Solution File, Format Version 12.00
# Visual Studio Version 17
VisualStudioVersion = 17.14.36202.13 d17.14
MinimumVisualStudioVersion = 10.0.40219.1
Project("{FAE04EC0-301F-11D3-BF4B-00C04F79EFBC}") = "HelloFromC#", "HelloFromC#\HelloFromC#.csproj", "{39BA0E7D-1387-4EFE-A4E4-B065027E5988}"
EndProject
Global
	GlobalSection(SolutionConfigurationPlatforms) = preSolution
		Debug|Any CPU = Debug|Any CPU
		Release|Any CPU = Release|Any CPU
	EndGlobalSection
	GlobalSection(ProjectConfigurationPlatforms) = postSolution
		{39BA0E7D-1387-4EFE-A4E4-B065027E5988}.Debug|Any CPU.ActiveCfg = Debug|Any CPU
		{39BA0E7D-1387-4EFE-A4E4-B065027E5988}.Debug|Any CPU.Build.0 = Debug|Any CPU
		{39BA0E7D-1387-4EFE-A4E4-B065027E5988}.Release|Any CPU.ActiveCfg = Release|Any CPU
		{39BA0E7D-1387-4EFE-A4E4-B065027E5988}.Release|Any CPU.Build.0 = Release|Any CPU
	EndGlobalSection
	GlobalSection(SolutionProperties) = preSolution
		HideSolutionNode = FALSE
	EndGlobalSection
	GlobalSection(ExtensibilityGlobals) = postSolution
		SolutionGuid = {8BDB619F-4AE0-499D-B0C0-EAA301EBEA6C}
	EndGlobalSection
EndGlobal
